// !$*UTF8*$!
{
	archiveVersion = 1;
	classes = {
	};
	objectVersion = 46;
	objects = {

/* Begin PBXBuildFile section */
		E910D8451D89E91E0051BCBC /* AppDelegate.m in Sources */ = {isa = PBXBuildFile; fileRef = E910D8441D89E91E0051BCBC /* AppDelegate.m */; };
		E910D8481D89E91E0051BCBC /* main.m in Sources */ = {isa = PBXBuildFile; fileRef = E910D8471D89E91E0051BCBC /* main.m */; };
		E910D84A1D89E91E0051BCBC /* Assets.xcassets in Resources */ = {isa = PBXBuildFile; fileRef = E910D8491D89E91E0051BCBC /* Assets.xcassets */; };
		E910D84D1D89E91E0051BCBC /* MainMenu.xib in Resources */ = {isa = PBXBuildFile; fileRef = E910D84B1D89E91E0051BCBC /* MainMenu.xib */; };
		E910D8571D89EAD90051BCBC /* frsky.m in Sources */ = {isa = PBXBuildFile; fileRef = E910D8561D89EAD80051BCBC /* frsky.m */; };
		E910D85A1D89ED1C0051BCBC /* serial.c in Sources */ = {isa = PBXBuildFile; fileRef = E910D8581D89ED1C0051BCBC /* serial.c */; };
		E910D85D1D89F08A0051BCBC /* AppWindow.m in Sources */ = {isa = PBXBuildFile; fileRef = E910D85C1D89F08A0051BCBC /* AppWindow.m */; };
		E910D85F1D8B2B430051BCBC /* README.md in Sources */ = {isa = PBXBuildFile; fileRef = E910D85E1D8B2B430051BCBC /* README.md */; };
/* End PBXBuildFile section */

/* Begin PBXFileReference section */
		E910D8401D89E91E0051BCBC /* FrSky Telemetry.app */ = {isa = PBXFileReference; explicitFileType = wrapper.application; includeInIndex = 0; path = "FrSky Telemetry.app"; sourceTree = BUILT_PRODUCTS_DIR; };
		E910D8431D89E91E0051BCBC /* AppDelegate.h */ = {isa = PBXFileReference; lastKnownFileType = sourcecode.c.h; path = AppDelegate.h; sourceTree = "<group>"; };
		E910D8441D89E91E0051BCBC /* AppDelegate.m */ = {isa = PBXFileReference; lastKnownFileType = sourcecode.c.objc; path = AppDelegate.m; sourceTree = "<group>"; };
		E910D8471D89E91E0051BCBC /* main.m */ = {isa = PBXFileReference; lastKnownFileType = sourcecode.c.objc; path = main.m; sourceTree = "<group>"; };
		E910D8491D89E91E0051BCBC /* Assets.xcassets */ = {isa = PBXFileReference; lastKnownFileType = folder.assetcatalog; path = Assets.xcassets; sourceTree = "<group>"; };
		E910D84C1D89E91E0051BCBC /* Base */ = {isa = PBXFileReference; lastKnownFileType = file.xib; name = Base; path = Base.lproj/MainMenu.xib; sourceTree = "<group>"; };
		E910D84E1D89E91E0051BCBC /* Info.plist */ = {isa = PBXFileReference; lastKnownFileType = text.plist.xml; path = Info.plist; sourceTree = "<group>"; };
		E910D8551D89EAD80051BCBC /* frsky.h */ = {isa = PBXFileReference; fileEncoding = 4; lastKnownFileType = sourcecode.c.h; path = frsky.h; sourceTree = "<group>"; };
		E910D8561D89EAD80051BCBC /* frsky.m */ = {isa = PBXFileReference; fileEncoding = 4; lastKnownFileType = sourcecode.c.objc; path = frsky.m; sourceTree = "<group>"; };
		E910D8581D89ED1C0051BCBC /* serial.c */ = {isa = PBXFileReference; fileEncoding = 4; lastKnownFileType = sourcecode.c.c; path = serial.c; sourceTree = "<group>"; };
		E910D8591D89ED1C0051BCBC /* serial.h */ = {isa = PBXFileReference; fileEncoding = 4; lastKnownFileType = sourcecode.c.h; path = serial.h; sourceTree = "<group>"; };
		E910D85B1D89F08A0051BCBC /* AppWindow.h */ = {isa = PBXFileReference; fileEncoding = 4; lastKnownFileType = sourcecode.c.h; path = AppWindow.h; sourceTree = "<group>"; };
		E910D85C1D89F08A0051BCBC /* AppWindow.m */ = {isa = PBXFileReference; fileEncoding = 4; lastKnownFileType = sourcecode.c.objc; path = AppWindow.m; sourceTree = "<group>"; };
		E910D85E1D8B2B430051BCBC /* README.md */ = {isa = PBXFileReference; fileEncoding = 4; lastKnownFileType = net.daringfireball.markdown; path = README.md; sourceTree = SOURCE_ROOT; };
/* End PBXFileReference section */

/* Begin PBXFrameworksBuildPhase section */
		E910D83D1D89E91E0051BCBC /* Frameworks */ = {
			isa = PBXFrameworksBuildPhase;
			buildActionMask = 2147483647;
			files = (
			);
			runOnlyForDeploymentPostprocessing = 0;
		};
/* End PBXFrameworksBuildPhase section */

/* Begin PBXGroup section */
		E910D8371D89E91E0051BCBC = {
			isa = PBXGroup;
			children = (
				E910D8421D89E91E0051BCBC /* FrSky Telemetry */,
				E910D8411D89E91E0051BCBC /* Products */,
			);
			sourceTree = "<group>";
		};
		E910D8411D89E91E0051BCBC /* Products */ = {
			isa = PBXGroup;
			children = (
				E910D8401D89E91E0051BCBC /* FrSky Telemetry.app */,
			);
			name = Products;
			sourceTree = "<group>";
		};
		E910D8421D89E91E0051BCBC /* FrSky Telemetry */ = {
			isa = PBXGroup;
			children = (
				E910D8431D89E91E0051BCBC /* AppDelegate.h */,
				E910D8441D89E91E0051BCBC /* AppDelegate.m */,
				E910D85B1D89F08A0051BCBC /* AppWindow.h */,
				E910D85C1D89F08A0051BCBC /* AppWindow.m */,
				E910D8551D89EAD80051BCBC /* frsky.h */,
				E910D8561D89EAD80051BCBC /* frsky.m */,
				E910D8581D89ED1C0051BCBC /* serial.c */,
				E910D8591D89ED1C0051BCBC /* serial.h */,
				E910D8491D89E91E0051BCBC /* Assets.xcassets */,
				E910D84B1D89E91E0051BCBC /* MainMenu.xib */,
				E910D84E1D89E91E0051BCBC /* Info.plist */,
				E910D8461D89E91E0051BCBC /* Supporting Files */,
			);
			path = "FrSky Telemetry";
			sourceTree = "<group>";
		};
		E910D8461D89E91E0051BCBC /* Supporting Files */ = {
			isa = PBXGroup;
			children = (
				E910D8471D89E91E0051BCBC /* main.m */,
				E910D85E1D8B2B430051BCBC /* README.md */,
			);
			name = "Supporting Files";
			sourceTree = "<group>";
		};
/* End PBXGroup section */

/* Begin PBXNativeTarget section */
		E910D83F1D89E91E0051BCBC /* FrSky Telemetry */ = {
			isa = PBXNativeTarget;
			buildConfigurationList = E910D8511D89E91E0051BCBC /* Build configuration list for PBXNativeTarget "FrSky Telemetry" */;
			buildPhases = (
				E910D83C1D89E91E0051BCBC /* Sources */,
				E910D83D1D89E91E0051BCBC /* Frameworks */,
				E910D83E1D89E91E0051BCBC /* Resources */,
				E910D8541D89E9660051BCBC /* ShellScript */,
			);
			buildRules = (
			);
			dependencies = (
			);
			name = "FrSky Telemetry";
			productName = "FrSky Telemetry";
			productReference = E910D8401D89E91E0051BCBC /* FrSky Telemetry.app */;
			productType = "com.apple.product-type.application";
		};
/* End PBXNativeTarget section */

/* Begin PBXProject section */
		E910D8381D89E91E0051BCBC /* Project object */ = {
			isa = PBXProject;
			attributes = {
				LastUpgradeCheck = 0720;
				ORGANIZATIONNAME = "Thomas Buck";
				TargetAttributes = {
					E910D83F1D89E91E0051BCBC = {
						CreatedOnToolsVersion = 7.2.1;
					};
				};
			};
			buildConfigurationList = E910D83B1D89E91E0051BCBC /* Build configuration list for PBXProject "FrSky Telemetry" */;
			compatibilityVersion = "Xcode 3.2";
			developmentRegion = English;
			hasScannedForEncodings = 0;
			knownRegions = (
				en,
				Base,
			);
			mainGroup = E910D8371D89E91E0051BCBC;
			productRefGroup = E910D8411D89E91E0051BCBC /* Products */;
			projectDirPath = "";
			projectRoot = "";
			targets = (
				E910D83F1D89E91E0051BCBC /* FrSky Telemetry */,
			);
		};
/* End PBXProject section */

/* Begin PBXResourcesBuildPhase section */
		E910D83E1D89E91E0051BCBC /* Resources */ = {
			isa = PBXResourcesBuildPhase;
			buildActionMask = 2147483647;
			files = (
				E910D84A1D89E91E0051BCBC /* Assets.xcassets in Resources */,
				E910D84D1D89E91E0051BCBC /* MainMenu.xib in Resources */,
			);
			runOnlyForDeploymentPostprocessing = 0;
		};
/* End PBXResourcesBuildPhase section */

/* Begin PBXShellScriptBuildPhase section */
		E910D8541D89E9660051BCBC /* ShellScript */ = {
			isa = PBXShellScriptBuildPhase;
			buildActionMask = 2147483647;
			files = (
			);
			inputPaths = (
			);
			outputPaths = (
			);
			runOnlyForDeploymentPostprocessing = 0;
			shellPath = /bin/sh;
			shellScript = "#!/bin/bash\nbuildNumber=$(/usr/libexec/PlistBuddy -c \"Print CFBundleVersion\" \"$INFOPLIST_FILE\")\nbuildNumber=$(($buildNumber + 1))\n/usr/libexec/PlistBuddy -c \"Set :CFBundleVersion $buildNumber\" \"$INFOPLIST_FILE\"";
		};
/* End PBXShellScriptBuildPhase section */

/* Begin PBXSourcesBuildPhase section */
		E910D83C1D89E91E0051BCBC /* Sources */ = {
			isa = PBXSourcesBuildPhase;
			buildActionMask = 2147483647;
			files = (
				E910D85F1D8B2B430051BCBC /* README.md in Sources */,
				E910D85D1D89F08A0051BCBC /* AppWindow.m in Sources */,
				E910D8571D89EAD90051BCBC /* frsky.m in Sources */,
				E910D85A1D89ED1C0051BCBC /* serial.c in Sources */,
				E910D8481D89E91E0051BCBC /* main.m in Sources */,
				E910D8451D89E91E0051BCBC /* AppDelegate.m in Sources */,
			);
			runOnlyForDeploymentPostprocessing = 0;
		};
/* End PBXSourcesBuildPhase section */

/* Begin PBXVariantGroup section */
		E910D84B1D89E91E0051BCBC /* MainMenu.xib */ = {
			isa = PBXVariantGroup;
			children = (
				E910D84C1D89E91E0051BCBC /* Base */,
			);
			name = MainMenu.xib;
			sourceTree = "<group>";
		};
/* End PBXVariantGroup section */

/* Begin XCBuildConfiguration section */
		E910D84F1D89E91E0051BCBC /* Debug */ = {
			isa = XCBuildConfiguration;
			buildSettings = {
				ALWAYS_SEARCH_USER_PATHS = NO;
				CLANG_CXX_LANGUAGE_STANDARD = "gnu++0x";
				CLANG_CXX_LIBRARY = "libc++";
				CLANG_ENABLE_MODULES = YES;
				CLANG_ENABLE_OBJC_ARC = YES;
				CLANG_WARN_BOOL_CONVERSION = YES;
				CLANG_WARN_CONSTANT_CONVERSION = YES;
				CLANG_WARN_DIRECT_OBJC_ISA_USAGE = YES_ERROR;
				CLANG_WARN_EMPTY_BODY = YES;
				CLANG_WARN_ENUM_CONVERSION = YES;
				CLANG_WARN_INT_CONVERSION = YES;
				CLANG_WARN_OBJC_ROOT_CLASS = YES_ERROR;
				CLANG_WARN_UNREACHABLE_CODE = YES;
				CLANG_WARN__DUPLICATE_METHOD_MATCH = YES;
				CODE_SIGN_IDENTITY = "-";
				COPY_PHASE_STRIP = NO;
				DEBUG_INFORMATION_FORMAT = dwarf;
				ENABLE_STRICT_OBJC_MSGSEND = YES;
				ENABLE_TESTABILITY = YES;
				GCC_C_LANGUAGE_STANDARD = gnu99;
				GCC_DYNAMIC_NO_PIC = NO;
				GCC_NO_COMMON_BLOCKS = YES;
				GCC_OPTIMIZATION_LEVEL = 0;
				GCC_PREPROCESSOR_DEFINITIONS = (
					"DEBUG=1",
					"$(inherited)",
				);
				GCC_WARN_64_TO_32_BIT_CONVERSION = YES;
				GCC_WARN_ABOUT_RETURN_TYPE = YES_ERROR;
				GCC_WARN_UNDECLARED_SELECTOR = YES;
				GCC_WARN_UNINITIALIZED_AUTOS = YES_AGGRESSIVE;
				GCC_WARN_UNUSED_FUNCTION = YES;
				GCC_WARN_UNUSED_VARIABLE = YES;
				MACOSX_DEPLOYMENT_TARGET = 10.10;
				MTL_ENABLE_DEBUG_INFO = YES;
				ONLY_ACTIVE_ARCH = YES;
				SDKROOT = macosx;
			};
			name = Debug;
		};
		E910D8501D89E91E0051BCBC /* Release */ = {
			isa = XCBuildConfiguration;
			buildSettings = {
				ALWAYS_SEARCH_USER_PATHS = NO;
				CLANG_CXX_LANGUAGE_STANDARD = "gnu++0x";
				CLANG_CXX_LIBRARY = "libc++";
				CLANG_ENABLE_MODULES = YES;
				CLANG_ENABLE_OBJC_ARC = YES;
				CLANG_WARN_BOOL_CONVERSION = YES;
				CLANG_WARN_CONSTANT_CONVERSION = YES;
				CLANG_WARN_DIRECT_OBJC_ISA_USAGE = YES_ERROR;
				CLANG_WARN_EMPTY_BODY = YES;
				CLANG_WARN_ENUM_CONVERSION = YES;
				CLANG_WARN_INT_CONVERSION = YES;
				CLANG_WARN_OBJC_ROOT_CLASS = YES_ERROR;
				CLANG_WARN_UNREACHABLE_CODE = YES;
				CLANG_WARN__DUPLICATE_METHOD_MATCH = YES;
				CODE_SIGN_IDENTITY = "-";
				COPY_PHASE_STRIP = NO;
				DEBUG_INFORMATION_FORMAT = "dwarf-with-dsym";
				ENABLE_NS_ASSERTIONS = NO;
				ENABLE_STRICT_OBJC_MSGSEND = YES;
				GCC_C_LANGUAGE_STANDARD = gnu99;
				GCC_NO_COMMON_BLOCKS = YES;
				GCC_WARN_64_TO_32_BIT_CONVERSION = YES;
				GCC_WARN_ABOUT_RETURN_TYPE = YES_ERROR;
				GCC_WARN_UNDECLARED_SELECTOR = YES;
				GCC_WARN_UNINITIALIZED_AUTOS = YES_AGGRESSIVE;
				GCC_WARN_UNUSED_FUNCTION = YES;
				GCC_WARN_UNUSED_VARIABLE = YES;
				MACOSX_DEPLOYMENT_TARGET = 10.10;
				MTL_ENABLE_DEBUG_INFO = NO;
				SDKROOT = macosx;
			};
			name = Release;
		};
		E910D8521D89E91E0051BCBC /* Debug */ = {
			isa = XCBuildConfiguration;
			buildSettings = {
				ASSETCATALOG_COMPILER_APPICON_NAME = AppIcon;
				COMBINE_HIDPI_IMAGES = YES;
				INFOPLIST_FILE = "FrSky Telemetry/Info.plist";
				LD_RUNPATH_SEARCH_PATHS = "$(inherited) @executable_path/../Frameworks";
				PRODUCT_BUNDLE_IDENTIFIER = "de.xythobuz.FrSky-Telemetry";
				PRODUCT_NAME = "$(TARGET_NAME)";
			};
			name = Debug;
		};
		E910D8531D89E91E0051BCBC /* Release */ = {
			isa = XCBuildConfiguration;
			buildSettings = {
				ASSETCATALOG_COMPILER_APPICON_NAME = AppIcon;
				COMBINE_HIDPI_IMAGES = YES;
				INFOPLIST_FILE = "FrSky Telemetry/Info.plist";
				LD_RUNPATH_SEARCH_PATHS = "$(inherited) @executable_path/../Frameworks";
				PRODUCT_BUNDLE_IDENTIFIER = "de.xythobuz.FrSky-Telemetry";
				PRODUCT_NAME = "$(TARGET_NAME)";
			};
			name = Release;
		};
/* End XCBuildConfiguration section */

/* Begin XCConfigurationList section */
		E910D83B1D89E91E0051BCBC /* Build configuration list for PBXProject "FrSky Telemetry" */ = {
			isa = XCConfigurationList;
			buildConfigurations = (
				E910D84F1D89E91E0051BCBC /* Debug */,
				E910D8501D89E91E0051BCBC /* Release */,
			);
			defaultConfigurationIsVisible = 0;
			defaultConfigurationName = Release;
		};
		E910D8511D89E91E0051BCBC /* Build configuration list for PBXNativeTarget "FrSky Telemetry" */ = {
			isa = XCConfigurationList;
			buildConfigurations = (
				E910D8521D89E91E0051BCBC /* Debug */,
				E910D8531D89E91E0051BCBC /* Release */,
			);
			defaultConfigurationIsVisible = 0;
		};
/* End XCConfigurationList section */
	};
	rootObject = E910D8381D89E91E0051BCBC /* Project object */;
}
